{
  "nodes": {
    "ags": {
      "inputs": {
        "nixpkgs": [
          "nixpkgs"
        ]
      },
      "locked": {
        "lastModified": 1702327208,
        "narHash": "sha256-kUC6+Zn3wfHnctxSKLjE2djC3GSZF0T5FI+lac2V0PY=",
        "owner": "Aylur",
        "repo": "ags",
        "rev": "0a7cc9bdff17fb9f5039011d7a94a9489c38892c",
        "type": "github"
      },
      "original": {
        "owner": "Aylur",
        "repo": "ags",
        "type": "github"
      }
    },
    "anyrun": {
      "inputs": {
        "flake-parts": "flake-parts",
        "nixpkgs": [
          "nixpkgs"
        ]
      },
      "locked": {
        "lastModified": 1701453400,
        "narHash": "sha256-hI9+KBShsSfvWX7bmRa/1VI20WGat3lDXmbceMZzMS4=",
        "owner": "Kirottu",
        "repo": "anyrun",
        "rev": "e14da6c37337ffa3ee1bc66965d58ef64c1590e5",
        "type": "github"
      },
      "original": {
        "owner": "Kirottu",
        "repo": "anyrun",
        "type": "github"
      }
    },
    "anyrun-nixos-options": {
      "inputs": {
        "flake-parts": "flake-parts_2",
        "nixpkgs": [
          "nixpkgs"
        ]
      },
      "locked": {
        "lastModified": 1699129404,
        "narHash": "sha256-nxnVvWWt3F/uGGMJbx4kqD0V+GCk/JQWgtF3RrQgqC8=",
        "owner": "n3oney",
        "repo": "anyrun-nixos-options",
        "rev": "3553c4965af9c35334f6a5bd5eba221cb2039970",
        "type": "github"
      },
      "original": {
        "owner": "n3oney",
        "repo": "anyrun-nixos-options",
        "type": "github"
      }
    },
    "arkenfox-firefox-userjs": {
      "inputs": {
        "flake-compat": "flake-compat",
        "flake-utils": "flake-utils",
        "nixpkgs": [
          "nixpkgs"
        ],
        "pre-commit": "pre-commit"
      },
      "locked": {
        "lastModified": 1701036929,
        "narHash": "sha256-5TkAr5a3EoY9/oeO53SU+FRNfOUTpChj7mEW/Ax3T1w=",
        "owner": "dwarfmaster",
        "repo": "arkenfox-nixos",
        "rev": "1c9d061a4ef7bf3ce8a5260eaee4acdb3ee097f9",
        "type": "github"
      },
      "original": {
        "owner": "dwarfmaster",
        "repo": "arkenfox-nixos",
        "type": "github"
      }
    },
    "arrpc": {
      "inputs": {
        "nixpkgs": [
          "nixpkgs"
        ]
      },
      "locked": {
        "lastModified": 1700034744,
        "narHash": "sha256-Qp1KkloTlrpbAzETIGU444hN4rzfr2fJpD+rz+Te/YA=",
        "owner": "notashelf",
        "repo": "arrpc-flake",
        "rev": "5f68be69d255db3b3f6eab73a40bd1728b6143c5",
        "type": "github"
      },
      "original": {
        "owner": "notashelf",
        "repo": "arrpc-flake",
        "type": "github"
      }
    },
    "base16-schemes": {
      "flake": false,
      "locked": {
        "lastModified": 1689473676,
        "narHash": "sha256-L0RhUr9+W5EPWBpLcmkKpUeCEWRs/kLzVMF3Vao2ZU0=",
        "owner": "tinted-theming",
        "repo": "base16-schemes",
        "rev": "d95123ca6377cd849cfdce92c0a24406b0c6a789",
        "type": "github"
      },
      "original": {
        "owner": "tinted-theming",
        "repo": "base16-schemes",
        "type": "github"
      }
    },
    "cachix": {
      "locked": {
        "lastModified": 1635350005,
        "narHash": "sha256-tAMJnUwfaDEB2aa31jGcu7R7bzGELM9noc91L2PbVjg=",
        "owner": "nixos",
        "repo": "nixpkgs",
        "rev": "1c1f5649bb9c1b0d98637c8c365228f57126f361",
        "type": "github"
      },
      "original": {
        "owner": "nixos",
        "ref": "nixos-20.09",
        "repo": "nixpkgs",
        "type": "github"
      }
    },
    "firefox-nightly": {
      "inputs": {
        "cachix": "cachix",
        "flake-compat": "flake-compat_3",
        "lib-aggregate": "lib-aggregate",
        "mozilla": "mozilla",
        "nixpkgs": [
          "nixpkgs"
        ]
      },
      "locked": {
        "lastModified": 1702342710,
        "narHash": "sha256-aYkrZaBbOrv6NXeXgB24PZC7ccjPbeDMUByI6tkU2/c=",
        "owner": "nix-community",
        "repo": "flake-firefox-nightly",
        "rev": "d75395ee0fc0aec9f06bd87d6f6b8464a70c1ff9",
        "type": "github"
      },
      "original": {
        "owner": "nix-community",
        "repo": "flake-firefox-nightly",
        "type": "github"
      }
    },
    "flake-compat": {
      "flake": false,
      "locked": {
        "lastModified": 1696426674,
        "narHash": "sha256-kvjfFW7WAETZlt09AgDn1MrtKzP7t90Vf7vypd3OL1U=",
        "owner": "edolstra",
        "repo": "flake-compat",
        "rev": "0f9255e01c2351cc7d116c072cb317785dd33b33",
        "type": "github"
      },
      "original": {
        "owner": "edolstra",
        "repo": "flake-compat",
        "type": "github"
      }
    },
    "flake-compat_2": {
      "flake": false,
      "locked": {
        "lastModified": 1673956053,
        "narHash": "sha256-4gtG9iQuiKITOjNQQeQIpoIB6b16fm+504Ch3sNKLd8=",
        "owner": "edolstra",
        "repo": "flake-compat",
        "rev": "35bb57c0c8d8b62bbfd284272c928ceb64ddbde9",
        "type": "github"
      },
      "original": {
        "owner": "edolstra",
        "repo": "flake-compat",
        "type": "github"
      }
    },
    "flake-compat_3": {
      "locked": {
        "lastModified": 1688025799,
        "narHash": "sha256-ktpB4dRtnksm9F5WawoIkEneh1nrEvuxb5lJFt1iOyw=",
        "owner": "nix-community",
        "repo": "flake-compat",
        "rev": "8bf105319d44f6b9f0d764efa4fdef9f1cc9ba1c",
        "type": "github"
      },
      "original": {
        "owner": "nix-community",
        "repo": "flake-compat",
        "type": "github"
      }
    },
    "flake-compat_4": {
      "flake": false,
      "locked": {
        "lastModified": 1696426674,
        "narHash": "sha256-kvjfFW7WAETZlt09AgDn1MrtKzP7t90Vf7vypd3OL1U=",
        "owner": "edolstra",
        "repo": "flake-compat",
        "rev": "0f9255e01c2351cc7d116c072cb317785dd33b33",
        "type": "github"
      },
      "original": {
        "owner": "edolstra",
        "repo": "flake-compat",
        "type": "github"
      }
    },
    "flake-compat_5": {
      "locked": {
        "lastModified": 1688025799,
        "narHash": "sha256-ktpB4dRtnksm9F5WawoIkEneh1nrEvuxb5lJFt1iOyw=",
        "owner": "nix-community",
        "repo": "flake-compat",
        "rev": "8bf105319d44f6b9f0d764efa4fdef9f1cc9ba1c",
        "type": "github"
      },
      "original": {
        "owner": "nix-community",
        "repo": "flake-compat",
        "type": "github"
      }
    },
    "flake-compat_6": {
      "flake": false,
      "locked": {
        "lastModified": 1696426674,
        "narHash": "sha256-kvjfFW7WAETZlt09AgDn1MrtKzP7t90Vf7vypd3OL1U=",
        "owner": "edolstra",
        "repo": "flake-compat",
        "rev": "0f9255e01c2351cc7d116c072cb317785dd33b33",
        "type": "github"
      },
      "original": {
        "owner": "edolstra",
        "repo": "flake-compat",
        "type": "github"
      }
    },
    "flake-parts": {
      "inputs": {
        "nixpkgs-lib": [
          "anyrun",
          "nixpkgs"
        ]
      },
      "locked": {
        "lastModified": 1696343447,
        "narHash": "sha256-B2xAZKLkkeRFG5XcHHSXXcP7To9Xzr59KXeZiRf4vdQ=",
        "owner": "hercules-ci",
        "repo": "flake-parts",
        "rev": "c9afaba3dfa4085dbd2ccb38dfade5141e33d9d4",
        "type": "github"
      },
      "original": {
        "owner": "hercules-ci",
        "repo": "flake-parts",
        "type": "github"
      }
    },
    "flake-parts_2": {
      "inputs": {
        "nixpkgs-lib": "nixpkgs-lib"
      },
      "locked": {
        "lastModified": 1690933134,
        "narHash": "sha256-ab989mN63fQZBFrkk4Q8bYxQCktuHmBIBqUG1jl6/FQ=",
        "owner": "hercules-ci",
        "repo": "flake-parts",
        "rev": "59cf3f1447cfc75087e7273b04b31e689a8599fb",
        "type": "github"
      },
      "original": {
        "owner": "hercules-ci",
        "repo": "flake-parts",
        "type": "github"
      }
    },
    "flake-parts_3": {
      "inputs": {
        "nixpkgs-lib": [
          "neovim-nightly-overlay",
          "nixpkgs"
        ]
      },
      "locked": {
        "lastModified": 1701473968,
        "narHash": "sha256-YcVE5emp1qQ8ieHUnxt1wCZCC3ZfAS+SRRWZ2TMda7E=",
        "owner": "hercules-ci",
        "repo": "flake-parts",
        "rev": "34fed993f1674c8d06d58b37ce1e0fe5eebcb9f5",
        "type": "github"
      },
      "original": {
        "owner": "hercules-ci",
        "repo": "flake-parts",
        "type": "github"
      }
    },
    "flake-parts_4": {
      "inputs": {
        "nixpkgs-lib": [
          "neovim-nightly-overlay",
          "hercules-ci-effects",
          "nixpkgs"
        ]
      },
      "locked": {
        "lastModified": 1696343447,
        "narHash": "sha256-B2xAZKLkkeRFG5XcHHSXXcP7To9Xzr59KXeZiRf4vdQ=",
        "owner": "hercules-ci",
        "repo": "flake-parts",
        "rev": "c9afaba3dfa4085dbd2ccb38dfade5141e33d9d4",
        "type": "github"
      },
      "original": {
        "id": "flake-parts",
        "type": "indirect"
      }
    },
    "flake-parts_5": {
      "inputs": {
        "nixpkgs-lib": "nixpkgs-lib_4"
      },
      "locked": {
        "lastModified": 1685662779,
        "narHash": "sha256-cKDDciXGpMEjP1n6HlzKinN0H+oLmNpgeCTzYnsA2po=",
        "owner": "hercules-ci",
        "repo": "flake-parts",
        "rev": "71fb97f0d875fd4de4994dfb849f2c75e17eb6c3",
        "type": "github"
      },
      "original": {
        "owner": "hercules-ci",
        "repo": "flake-parts",
        "type": "github"
      }
    },
    "flake-parts_6": {
      "inputs": {
        "nixpkgs-lib": [
          "nixpkgs-wayland",
          "nix-eval-jobs",
          "nixpkgs"
        ]
      },
      "locked": {
        "lastModified": 1701473968,
        "narHash": "sha256-YcVE5emp1qQ8ieHUnxt1wCZCC3ZfAS+SRRWZ2TMda7E=",
        "owner": "hercules-ci",
        "repo": "flake-parts",
        "rev": "34fed993f1674c8d06d58b37ce1e0fe5eebcb9f5",
        "type": "github"
      },
      "original": {
        "owner": "hercules-ci",
        "repo": "flake-parts",
        "type": "github"
      }
    },
    "flake-parts_7": {
      "inputs": {
        "nixpkgs-lib": "nixpkgs-lib_6"
      },
      "locked": {
        "lastModified": 1701473968,
        "narHash": "sha256-YcVE5emp1qQ8ieHUnxt1wCZCC3ZfAS+SRRWZ2TMda7E=",
        "owner": "hercules-ci",
        "repo": "flake-parts",
        "rev": "34fed993f1674c8d06d58b37ce1e0fe5eebcb9f5",
        "type": "github"
      },
      "original": {
        "owner": "hercules-ci",
        "repo": "flake-parts",
        "type": "github"
      }
    },
    "flake-utils": {
      "inputs": {
        "systems": "systems"
      },
      "locked": {
        "lastModified": 1694529238,
        "narHash": "sha256-zsNZZGTGnMOf9YpHKJqMSsa0dXbfmxeoJ7xHlrt+xmY=",
        "owner": "numtide",
        "repo": "flake-utils",
        "rev": "ff7b65b44d01cf9ba6a71320833626af21126384",
        "type": "github"
      },
      "original": {
        "owner": "numtide",
        "repo": "flake-utils",
        "type": "github"
      }
    },
    "flake-utils_10": {
      "inputs": {
        "systems": "systems_10"
      },
      "locked": {
        "lastModified": 1685518550,
        "narHash": "sha256-o2d0KcvaXzTrPRIo0kOLV0/QXHhDQ5DTi+OxcjO8xqY=",
        "owner": "numtide",
        "repo": "flake-utils",
        "rev": "a1720a10a6cfe8234c0e93907ffe81be440f4cef",
        "type": "github"
      },
      "original": {
        "owner": "numtide",
        "repo": "flake-utils",
        "type": "github"
      }
    },
    "flake-utils_2": {
      "inputs": {
        "systems": "systems_2"
      },
      "locked": {
        "lastModified": 1685518550,
        "narHash": "sha256-o2d0KcvaXzTrPRIo0kOLV0/QXHhDQ5DTi+OxcjO8xqY=",
        "owner": "numtide",
        "repo": "flake-utils",
        "rev": "a1720a10a6cfe8234c0e93907ffe81be440f4cef",
        "type": "github"
      },
      "original": {
        "owner": "numtide",
        "repo": "flake-utils",
        "type": "github"
      }
    },
    "flake-utils_3": {
      "inputs": {
        "systems": "systems_3"
      },
      "locked": {
        "lastModified": 1701680307,
        "narHash": "sha256-kAuep2h5ajznlPMD9rnQyffWG8EM/C73lejGofXvdM8=",
        "owner": "numtide",
        "repo": "flake-utils",
        "rev": "4022d587cbbfd70fe950c1e2083a02621806a725",
        "type": "github"
      },
      "original": {
        "owner": "numtide",
        "repo": "flake-utils",
        "type": "github"
      }
    },
    "flake-utils_4": {
      "locked": {
        "lastModified": 1676283394,
        "narHash": "sha256-XX2f9c3iySLCw54rJ/CZs+ZK6IQy7GXNY4nSOyu2QG4=",
        "owner": "numtide",
        "repo": "flake-utils",
        "rev": "3db36a8b464d0c4532ba1c7dda728f4576d6d073",
        "type": "github"
      },
      "original": {
        "owner": "numtide",
        "repo": "flake-utils",
        "type": "github"
      }
    },
    "flake-utils_5": {
      "inputs": {
        "systems": "systems_5"
      },
      "locked": {
        "lastModified": 1694529238,
        "narHash": "sha256-zsNZZGTGnMOf9YpHKJqMSsa0dXbfmxeoJ7xHlrt+xmY=",
        "owner": "numtide",
        "repo": "flake-utils",
        "rev": "ff7b65b44d01cf9ba6a71320833626af21126384",
        "type": "github"
      },
      "original": {
        "owner": "numtide",
        "repo": "flake-utils",
        "type": "github"
      }
    },
    "flake-utils_6": {
      "inputs": {
        "systems": "systems_6"
      },
      "locked": {
        "lastModified": 1694529238,
        "narHash": "sha256-zsNZZGTGnMOf9YpHKJqMSsa0dXbfmxeoJ7xHlrt+xmY=",
        "owner": "numtide",
        "repo": "flake-utils",
        "rev": "ff7b65b44d01cf9ba6a71320833626af21126384",
        "type": "github"
      },
      "original": {
        "owner": "numtide",
        "repo": "flake-utils",
        "type": "github"
      }
    },
    "flake-utils_7": {
      "inputs": {
        "systems": "systems_7"
      },
      "locked": {
        "lastModified": 1701680307,
        "narHash": "sha256-kAuep2h5ajznlPMD9rnQyffWG8EM/C73lejGofXvdM8=",
        "owner": "numtide",
        "repo": "flake-utils",
        "rev": "4022d587cbbfd70fe950c1e2083a02621806a725",
        "type": "github"
      },
      "original": {
        "owner": "numtide",
        "repo": "flake-utils",
        "type": "github"
      }
    },
    "flake-utils_8": {
      "inputs": {
        "systems": "systems_8"
      },
      "locked": {
        "lastModified": 1685518550,
        "narHash": "sha256-o2d0KcvaXzTrPRIo0kOLV0/QXHhDQ5DTi+OxcjO8xqY=",
        "owner": "numtide",
        "repo": "flake-utils",
        "rev": "a1720a10a6cfe8234c0e93907ffe81be440f4cef",
        "type": "github"
      },
      "original": {
        "owner": "numtide",
        "repo": "flake-utils",
        "type": "github"
      }
    },
    "flake-utils_9": {
      "inputs": {
        "systems": "systems_9"
      },
      "locked": {
        "lastModified": 1681202837,
        "narHash": "sha256-H+Rh19JDwRtpVPAWp64F+rlEtxUWBAQW28eAi3SRSzg=",
        "owner": "numtide",
        "repo": "flake-utils",
        "rev": "cfacdce06f30d2b68473a46042957675eebb3401",
        "type": "github"
      },
      "original": {
        "owner": "numtide",
        "repo": "flake-utils",
        "type": "github"
      }
    },
    "gitignore": {
      "inputs": {
        "nixpkgs": [
          "arkenfox-firefox-userjs",
          "pre-commit",
          "nixpkgs"
        ]
      },
      "locked": {
        "lastModified": 1660459072,
        "narHash": "sha256-8DFJjXG8zqoONA1vXtgeKXy68KdJL5UaXR8NtVMUbx8=",
        "owner": "hercules-ci",
        "repo": "gitignore.nix",
        "rev": "a20de23b925fd8264fd7fad6454652e142fd7f73",
        "type": "github"
      },
      "original": {
        "owner": "hercules-ci",
        "repo": "gitignore.nix",
        "type": "github"
      }
    },
    "gitignore_2": {
      "inputs": {
        "nixpkgs": [
          "prismlauncher",
          "pre-commit-hooks",
          "nixpkgs"
        ]
      },
      "locked": {
        "lastModified": 1660459072,
        "narHash": "sha256-8DFJjXG8zqoONA1vXtgeKXy68KdJL5UaXR8NtVMUbx8=",
        "owner": "hercules-ci",
        "repo": "gitignore.nix",
        "rev": "a20de23b925fd8264fd7fad6454652e142fd7f73",
        "type": "github"
      },
      "original": {
        "owner": "hercules-ci",
        "repo": "gitignore.nix",
        "type": "github"
      }
    },
    "hercules-ci-effects": {
      "inputs": {
        "flake-parts": "flake-parts_4",
        "nixpkgs": [
          "neovim-nightly-overlay",
          "nixpkgs"
        ]
      },
      "locked": {
        "lastModified": 1701009247,
        "narHash": "sha256-GuX16rzRze2y7CsewJLTV6qXkXWyEwp6VCZXi8HLruU=",
        "owner": "hercules-ci",
        "repo": "hercules-ci-effects",
        "rev": "31b6cd7569191bfcd0a548575b0e2ef953ed7d09",
        "type": "github"
      },
      "original": {
        "owner": "hercules-ci",
        "repo": "hercules-ci-effects",
        "type": "github"
      }
    },
    "home-manager": {
      "inputs": {
        "nixpkgs": [
          "nixpkgs"
        ]
      },
      "locked": {
        "lastModified": 1702203126,
        "narHash": "sha256-4BhN2Vji19MzRC7SUfPZGmtZ2WZydQeUk/ogfRBIZMs=",
        "owner": "nix-community",
        "repo": "home-manager",
        "rev": "defbb9c5857e157703e8fc7cf3c2ceb01cb95883",
        "type": "github"
      },
      "original": {
        "owner": "nix-community",
        "repo": "home-manager",
        "type": "github"
      }
    },
    "hy3": {
      "inputs": {
        "hyprland": [
          "hyprland"
        ]
      },
      "locked": {
        "lastModified": 1702258050,
        "narHash": "sha256-ZnCmR7imxgkBbm4/VRD+RAxnCee5QDEy4/yt8zq6xLM=",
        "owner": "outfoxxed",
        "repo": "hy3",
        "rev": "a5626177b6bff4196d993d1855c22a7870fa3664",
        "type": "github"
      },
      "original": {
        "owner": "outfoxxed",
        "repo": "hy3",
        "type": "github"
      }
    },
    "hypr-contrib": {
      "inputs": {
        "nixpkgs": [
          "nixpkgs"
        ]
      },
      "locked": {
        "lastModified": 1702242899,
        "narHash": "sha256-p2FmwhHlIW3V8YzlRu/bWCiKa2a9fSardt9Eh22JlWE=",
        "owner": "hyprwm",
        "repo": "contrib",
        "rev": "740dbac96354c076a76b7cf6fe70dad150d21659",
        "type": "github"
      },
      "original": {
        "owner": "hyprwm",
        "repo": "contrib",
        "type": "github"
      }
    },
    "hyprland": {
      "inputs": {
        "hyprland-protocols": "hyprland-protocols",
        "nixpkgs": [
          "nixpkgs"
        ],
        "systems": "systems_4",
        "wlroots": "wlroots",
        "xdph": "xdph"
      },
      "locked": {
        "lastModified": 1702343717,
        "narHash": "sha256-vql3A3tPtICFmVImwnAziwsGSxYRwf08xc+gibi0fTM=",
        "owner": "hyprwm",
        "repo": "Hyprland",
        "rev": "8f3848788422822c2cb36c57b4f3929eec1cc42c",
        "type": "github"
      },
      "original": {
        "owner": "hyprwm",
        "repo": "Hyprland",
        "type": "github"
      }
    },
    "hyprland-plugins": {
      "inputs": {
        "hyprland": [
          "hyprland"
        ]
      },
      "locked": {
        "lastModified": 1702313205,
        "narHash": "sha256-pPQO8Umt/5C51hAPBb3JdZUsQ6F3LeSmVqpWaAo+Mdo=",
        "owner": "hyprwm",
        "repo": "hyprland-plugins",
        "rev": "9099c480d84563f3e86548b8f9a4494fd2b11bd1",
        "type": "github"
      },
      "original": {
        "owner": "hyprwm",
        "repo": "hyprland-plugins",
        "type": "github"
      }
    },
    "hyprland-protocols": {
      "inputs": {
        "nixpkgs": [
          "hyprland",
          "nixpkgs"
        ],
        "systems": [
          "hyprland",
          "systems"
        ]
      },
      "locked": {
        "lastModified": 1691753796,
        "narHash": "sha256-zOEwiWoXk3j3+EoF3ySUJmberFewWlagvewDRuWYAso=",
        "owner": "hyprwm",
        "repo": "hyprland-protocols",
        "rev": "0c2ce70625cb30aef199cb388f99e19a61a6ce03",
        "type": "github"
      },
      "original": {
        "owner": "hyprwm",
        "repo": "hyprland-protocols",
        "type": "github"
      }
    },
    "hyprland-protocols_2": {
      "inputs": {
        "nixpkgs": [
          "xdg-portal-hyprland",
          "nixpkgs"
        ],
        "systems": [
          "xdg-portal-hyprland",
          "systems"
        ]
      },
      "locked": {
        "lastModified": 1691753796,
        "narHash": "sha256-zOEwiWoXk3j3+EoF3ySUJmberFewWlagvewDRuWYAso=",
        "owner": "hyprwm",
        "repo": "hyprland-protocols",
        "rev": "0c2ce70625cb30aef199cb388f99e19a61a6ce03",
        "type": "github"
      },
      "original": {
        "owner": "hyprwm",
        "repo": "hyprland-protocols",
        "type": "github"
      }
    },
    "hyprpaper": {
      "inputs": {
        "nixpkgs": [
          "nixpkgs"
        ]
      },
      "locked": {
        "lastModified": 1701083219,
        "narHash": "sha256-0j4Poy2OEZ55GWagfj6ookxG6jXdsDHZLh6vU3DBuz4=",
        "owner": "hyprwm",
        "repo": "hyprpaper",
        "rev": "b94f84605d6d6d8d3c17a42a72fc3b01df69ab7f",
        "type": "github"
      },
      "original": {
        "owner": "hyprwm",
        "repo": "hyprpaper",
        "type": "github"
      }
    },
    "impurity": {
      "locked": {
        "lastModified": 1689836741,
        "narHash": "sha256-82KeRg2sAqDXCdzVs8P8GoqVaPsZjkWgrfsj6kgOLTY=",
        "owner": "outfoxxed",
        "repo": "impurity.nix",
        "rev": "bbc41b69ab5485cd55aa315d08cff865781d3913",
        "type": "github"
      },
      "original": {
        "owner": "outfoxxed",
        "repo": "impurity.nix",
        "type": "github"
      }
    },
    "lib-aggregate": {
      "inputs": {
        "flake-utils": "flake-utils_3",
        "nixpkgs-lib": "nixpkgs-lib_2"
      },
      "locked": {
        "lastModified": 1702210144,
        "narHash": "sha256-s0IJiLUxnf9PNl+lARwCBo5UzNgfNjTrlVwJG27VsLA=",
        "owner": "nix-community",
        "repo": "lib-aggregate",
        "rev": "9237b96c80c556f28d13cfa8e3e6bc4d95e437fa",
        "type": "github"
      },
      "original": {
        "owner": "nix-community",
        "repo": "lib-aggregate",
        "type": "github"
      }
    },
    "lib-aggregate_2": {
      "inputs": {
        "flake-utils": "flake-utils_7",
        "nixpkgs-lib": "nixpkgs-lib_5"
      },
      "locked": {
        "lastModified": 1702210144,
        "narHash": "sha256-s0IJiLUxnf9PNl+lARwCBo5UzNgfNjTrlVwJG27VsLA=",
        "owner": "nix-community",
        "repo": "lib-aggregate",
        "rev": "9237b96c80c556f28d13cfa8e3e6bc4d95e437fa",
        "type": "github"
      },
      "original": {
        "owner": "nix-community",
        "repo": "lib-aggregate",
        "type": "github"
      }
    },
    "libnbtplusplus": {
      "flake": false,
      "locked": {
        "lastModified": 1699286814,
        "narHash": "sha256-yy0q+bky80LtK1GWzz7qpM+aAGrOqLuewbid8WT1ilk=",
        "owner": "PrismLauncher",
        "repo": "libnbtplusplus",
        "rev": "23b955121b8217c1c348a9ed2483167a6f3ff4ad",
        "type": "github"
      },
      "original": {
        "owner": "PrismLauncher",
        "repo": "libnbtplusplus",
        "type": "github"
      }
    },
    "mozilla": {
      "flake": false,
      "locked": {
        "lastModified": 1695805681,
        "narHash": "sha256-1ElPLD8eFfnuIk0G52HGGpRtQZ4QPCjChRlEOfkZ5ro=",
        "owner": "mozilla",
        "repo": "nixpkgs-mozilla",
        "rev": "6eabade97bc28d707a8b9d82ad13ef143836736e",
        "type": "github"
      },
      "original": {
        "owner": "mozilla",
        "repo": "nixpkgs-mozilla",
        "type": "github"
      }
    },
    "mpd-mpris": {
      "inputs": {
        "flake-utils": "flake-utils_4",
        "nixpkgs": [
          "nixpkgs"
        ]
      },
      "locked": {
        "lastModified": 1700225379,
        "narHash": "sha256-/H0aOSf8sGbLPro/DMoeB7f0AP9hUQXzqK/ElBGl6gI=",
        "owner": "natsukagami",
        "repo": "mpd-mpris",
        "rev": "8350eb75ef666b5141a0d41faffbfd02b331cdc9",
        "type": "github"
      },
      "original": {
        "owner": "natsukagami",
        "repo": "mpd-mpris",
        "type": "github"
      }
    },
    "neovim-flake": {
      "inputs": {
        "flake-utils": "flake-utils_5",
        "nixpkgs": [
          "neovim-nightly-overlay",
          "nixpkgs"
        ]
      },
      "locked": {
        "dir": "contrib",
        "lastModified": 1702323053,
        "narHash": "sha256-d2ZF9nXKbgqoPSKRBulNM8D0PHAIlKf8Pu+WywGwurE=",
        "owner": "neovim",
        "repo": "neovim",
        "rev": "8097b4a7252ec37dbf14bcc1b7c50c12343e54c4",
        "type": "github"
      },
      "original": {
        "dir": "contrib",
        "owner": "neovim",
        "repo": "neovim",
        "type": "github"
      }
    },
    "neovim-nightly-overlay": {
      "inputs": {
        "flake-compat": "flake-compat_4",
        "flake-parts": "flake-parts_3",
        "hercules-ci-effects": "hercules-ci-effects",
        "neovim-flake": "neovim-flake",
        "nixpkgs": [
          "nixpkgs"
        ]
      },
      "locked": {
        "lastModified": 1702339467,
        "narHash": "sha256-XRa5gCKoUz2XlNlrxCG163BMAsrnbh833s/ndCF/WMo=",
        "owner": "nix-community",
        "repo": "neovim-nightly-overlay",
        "rev": "9a5be2169fb02ab226f6f4d3a0d867e1e1f4387e",
        "type": "github"
      },
      "original": {
        "owner": "nix-community",
        "repo": "neovim-nightly-overlay",
        "type": "github"
      }
    },
    "nh": {
      "inputs": {
        "nixpkgs": [
          "nixpkgs"
        ]
      },
      "locked": {
        "lastModified": 1701522423,
        "narHash": "sha256-V5TQ/1loQnegDjfLh61DxBWEQZivYEBq2kQpT0fn2cQ=",
        "owner": "viperML",
        "repo": "nh",
        "rev": "375c6cf57de3a839b7937358659bea526da27eae",
        "type": "github"
      },
      "original": {
        "owner": "viperML",
        "repo": "nh",
        "type": "github"
      }
    },
    "nix-colors": {
      "inputs": {
        "base16-schemes": "base16-schemes",
        "nixpkgs-lib": "nixpkgs-lib_3"
      },
      "locked": {
        "lastModified": 1695388192,
        "narHash": "sha256-2jelpE7xK+4M7jZNyWL7QYOYegQLYBDQS5bvdo8XRUQ=",
        "owner": "misterio77",
        "repo": "nix-colors",
        "rev": "37227f274b34a3b51649166deb94ce7fec2c6a4c",
        "type": "github"
      },
      "original": {
        "owner": "misterio77",
        "repo": "nix-colors",
        "type": "github"
      }
    },
    "nix-eval-jobs": {
      "inputs": {
        "flake-parts": "flake-parts_6",
        "nix-github-actions": "nix-github-actions",
        "nixpkgs": "nixpkgs_3",
        "treefmt-nix": "treefmt-nix"
      },
      "locked": {
        "lastModified": 1702254072,
        "narHash": "sha256-48qPUGgw5CY3O1M2r6K5g9mJMyxvG1K9GaAb4tXxmSs=",
        "owner": "nix-community",
        "repo": "nix-eval-jobs",
        "rev": "843dc25cfe93eb620f8dc8825b1de001e5b33e9f",
        "type": "github"
      },
      "original": {
        "owner": "nix-community",
        "repo": "nix-eval-jobs",
        "type": "github"
      }
    },
    "nix-filter": {
      "locked": {
        "lastModified": 1701697642,
        "narHash": "sha256-L217WytWZHSY8GW9Gx1A64OnNctbuDbfslaTEofXXRw=",
        "owner": "numtide",
        "repo": "nix-filter",
        "rev": "c843418ecfd0344ecb85844b082ff5675e02c443",
        "type": "github"
      },
      "original": {
        "owner": "numtide",
        "repo": "nix-filter",
        "type": "github"
      }
    },
    "nix-github-actions": {
      "inputs": {
        "nixpkgs": [
          "nixpkgs-wayland",
          "nix-eval-jobs",
          "nixpkgs"
        ]
      },
      "locked": {
        "lastModified": 1701208414,
        "narHash": "sha256-xrQ0FyhwTZK6BwKhahIkUVZhMNk21IEI1nUcWSONtpo=",
        "owner": "nix-community",
        "repo": "nix-github-actions",
        "rev": "93e39cc1a087d65bcf7a132e75a650c44dd2b734",
        "type": "github"
      },
      "original": {
        "owner": "nix-community",
        "repo": "nix-github-actions",
        "type": "github"
      }
    },
    "nix-nil-lsp": {
      "inputs": {
        "flake-utils": "flake-utils_6",
        "nixpkgs": [
          "nixpkgs"
        ],
        "rust-overlay": [
          "rust-overlay"
        ]
      },
      "locked": {
        "lastModified": 1701225372,
        "narHash": "sha256-QSiFeEmTzAIIiCtUaMesu7wi7bvfHuFzPMQpOKMt4Lo=",
        "owner": "oxalica",
        "repo": "nil",
        "rev": "0031eb4343fd4672742fd6ff839da9b4f5120646",
        "type": "github"
      },
      "original": {
        "owner": "oxalica",
        "repo": "nil",
        "type": "github"
      }
    },
    "nix-nixd-lsp": {
      "inputs": {
        "flake-parts": "flake-parts_5",
        "nixpkgs": [
          "nixpkgs"
        ]
      },
      "locked": {
        "lastModified": 1699966122,
        "narHash": "sha256-zEN3ET7jfXpIKYeYh/z4xekOBOoaFS+n0q3oL3sVh+0=",
        "owner": "nix-community",
        "repo": "nixd",
        "rev": "b3bb9ea7cd3c2f07c89779a474d6468b2c11e303",
        "type": "github"
      },
      "original": {
        "owner": "nix-community",
        "repo": "nixd",
        "type": "github"
      }
    },
    "nixpkgs": {
      "locked": {
        "lastModified": 1689261696,
        "narHash": "sha256-LzfUtFs9MQRvIoQ3MfgSuipBVMXslMPH/vZ+nM40LkA=",
        "owner": "NixOS",
        "repo": "nixpkgs",
        "rev": "df1eee2aa65052a18121ed4971081576b25d6b5c",
        "type": "github"
      },
      "original": {
        "owner": "NixOS",
        "ref": "nixpkgs-unstable",
        "repo": "nixpkgs",
        "type": "github"
      }
    },
    "nixpkgs-lib": {
      "locked": {
        "dir": "lib",
        "lastModified": 1690881714,
        "narHash": "sha256-h/nXluEqdiQHs1oSgkOOWF+j8gcJMWhwnZ9PFabN6q0=",
        "owner": "NixOS",
        "repo": "nixpkgs",
        "rev": "9e1960bc196baf6881340d53dccb203a951745a2",
        "type": "github"
      },
      "original": {
        "dir": "lib",
        "owner": "NixOS",
        "ref": "nixos-unstable",
        "repo": "nixpkgs",
        "type": "github"
      }
    },
    "nixpkgs-lib_2": {
      "locked": {
        "lastModified": 1702169224,
        "narHash": "sha256-aOrQq0zzEMcaxXoiA7VWWJlwp7F50cOfTj6LkU59RQg=",
        "owner": "nix-community",
        "repo": "nixpkgs.lib",
        "rev": "2be0b7c27456d30195f65eafd029074f731f1978",
        "type": "github"
      },
      "original": {
        "owner": "nix-community",
        "repo": "nixpkgs.lib",
        "type": "github"
      }
    },
    "nixpkgs-lib_3": {
      "locked": {
        "lastModified": 1694911725,
        "narHash": "sha256-8YqI+YU1DGclEjHsnrrGfqsQg3Wyga1DfTbJrN3Ud0c=",
        "owner": "nix-community",
        "repo": "nixpkgs.lib",
        "rev": "819180647f428a3826bfc917a54449da1e532ce0",
        "type": "github"
      },
      "original": {
        "owner": "nix-community",
        "repo": "nixpkgs.lib",
        "type": "github"
      }
    },
    "nixpkgs-lib_4": {
      "locked": {
        "dir": "lib",
        "lastModified": 1685564631,
        "narHash": "sha256-8ywr3AkblY4++3lIVxmrWZFzac7+f32ZEhH/A8pNscI=",
        "owner": "NixOS",
        "repo": "nixpkgs",
        "rev": "4f53efe34b3a8877ac923b9350c874e3dcd5dc0a",
        "type": "github"
      },
      "original": {
        "dir": "lib",
        "owner": "NixOS",
        "ref": "nixos-unstable",
        "repo": "nixpkgs",
        "type": "github"
      }
    },
    "nixpkgs-lib_5": {
      "locked": {
        "lastModified": 1702169224,
        "narHash": "sha256-aOrQq0zzEMcaxXoiA7VWWJlwp7F50cOfTj6LkU59RQg=",
        "owner": "nix-community",
        "repo": "nixpkgs.lib",
        "rev": "2be0b7c27456d30195f65eafd029074f731f1978",
        "type": "github"
      },
      "original": {
        "owner": "nix-community",
        "repo": "nixpkgs.lib",
        "type": "github"
      }
    },
    "nixpkgs-lib_6": {
      "locked": {
        "dir": "lib",
        "lastModified": 1701253981,
        "narHash": "sha256-ztaDIyZ7HrTAfEEUt9AtTDNoCYxUdSd6NrRHaYOIxtk=",
        "owner": "NixOS",
        "repo": "nixpkgs",
        "rev": "e92039b55bcd58469325ded85d4f58dd5a4eaf58",
        "type": "github"
      },
      "original": {
        "dir": "lib",
        "owner": "NixOS",
        "ref": "nixos-unstable",
        "repo": "nixpkgs",
        "type": "github"
      }
    },
    "nixpkgs-stable": {
      "locked": {
        "lastModified": 1685801374,
        "narHash": "sha256-otaSUoFEMM+LjBI1XL/xGB5ao6IwnZOXc47qhIgJe8U=",
        "owner": "NixOS",
        "repo": "nixpkgs",
        "rev": "c37ca420157f4abc31e26f436c1145f8951ff373",
        "type": "github"
      },
      "original": {
        "owner": "NixOS",
        "ref": "nixos-23.05",
        "repo": "nixpkgs",
        "type": "github"
      }
    },
    "nixpkgs-wayland": {
      "inputs": {
        "flake-compat": "flake-compat_5",
        "lib-aggregate": "lib-aggregate_2",
        "nix-eval-jobs": "nix-eval-jobs",
        "nixpkgs": [
          "nixpkgs"
        ]
      },
      "locked": {
        "lastModified": 1702258747,
        "narHash": "sha256-nSPV9xCMoq1EEskWD3/Ay/ku1CmQEkr8wAEV/h9MVw4=",
        "owner": "nix-community",
        "repo": "nixpkgs-wayland",
        "rev": "92e3b8e446f71d8f526042845fe4d67e0b4f1fcc",
        "type": "github"
      },
      "original": {
        "owner": "nix-community",
        "repo": "nixpkgs-wayland",
        "type": "github"
      }
    },
    "nixpkgs_2": {
      "locked": {
        "lastModified": 1702272962,
        "narHash": "sha256-D+zHwkwPc6oYQ4G3A1HuadopqRwUY/JkMwHz1YF7j4Q=",
        "owner": "Nixos",
        "repo": "nixpkgs",
        "rev": "e97b3e4186bcadf0ef1b6be22b8558eab1cdeb5d",
        "type": "github"
      },
      "original": {
        "owner": "Nixos",
        "ref": "nixpkgs-unstable",
        "repo": "nixpkgs",
        "type": "github"
      }
    },
    "nixpkgs_3": {
      "locked": {
        "lastModified": 1702249933,
        "narHash": "sha256-OlqCC8A6OC5n0n4meCklk73V64JcyoJQ+EGa5arhvsI=",
        "owner": "NixOS",
        "repo": "nixpkgs",
        "rev": "0838486e9183ce39398f01b221766e68b50f405c",
        "type": "github"
      },
      "original": {
        "owner": "NixOS",
        "ref": "master",
        "repo": "nixpkgs",
        "type": "github"
      }
    },
    "nixpkgs_4": {
      "locked": {
        "lastModified": 1701998057,
        "narHash": "sha256-gAJGhcTO9cso7XDfAScXUlPcva427AUT2q02qrmXPdo=",
        "owner": "nixos",
        "repo": "nixpkgs",
        "rev": "09dc04054ba2ff1f861357d0e7e76d021b273cd7",
        "type": "github"
      },
      "original": {
        "owner": "nixos",
        "ref": "nixpkgs-unstable",
        "repo": "nixpkgs",
        "type": "github"
      }
    },
    "nur": {
      "locked": {
        "lastModified": 1702352650,
        "narHash": "sha256-Sss3BJBKnAw07cYo019Hc4wVvLEx0i4uD7Qisd2bf6M=",
        "owner": "nix-community",
        "repo": "NUR",
        "rev": "6a0aec47bb3c199b7977fced23d01a3be517e3ab",
        "type": "github"
      },
      "original": {
        "owner": "nix-community",
        "repo": "NUR",
        "type": "github"
      }
    },
    "pre-commit": {
      "inputs": {
        "flake-compat": "flake-compat_2",
        "flake-utils": "flake-utils_2",
        "gitignore": "gitignore",
        "nixpkgs": "nixpkgs",
        "nixpkgs-stable": "nixpkgs-stable"
      },
      "locked": {
        "lastModified": 1700922917,
        "narHash": "sha256-ej2fch/T584b5K9sk1UhmZF7W6wEfDHuoUYpFN8dtvM=",
        "owner": "cachix",
        "repo": "pre-commit-hooks.nix",
        "rev": "e5ee5c5f3844550c01d2131096c7271cec5e9b78",
        "type": "github"
      },
      "original": {
        "owner": "cachix",
        "repo": "pre-commit-hooks.nix",
        "type": "github"
      }
    },
    "pre-commit-hooks": {
      "inputs": {
        "flake-compat": [
          "prismlauncher",
          "flake-compat"
        ],
        "flake-utils": "flake-utils_8",
        "gitignore": "gitignore_2",
        "nixpkgs": [
          "prismlauncher",
          "nixpkgs"
        ],
        "nixpkgs-stable": [
          "prismlauncher",
          "nixpkgs"
        ]
      },
      "locked": {
        "lastModified": 1700922917,
        "narHash": "sha256-ej2fch/T584b5K9sk1UhmZF7W6wEfDHuoUYpFN8dtvM=",
        "owner": "cachix",
        "repo": "pre-commit-hooks.nix",
        "rev": "e5ee5c5f3844550c01d2131096c7271cec5e9b78",
        "type": "github"
      },
      "original": {
        "owner": "cachix",
        "repo": "pre-commit-hooks.nix",
        "type": "github"
      }
    },
    "prismlauncher": {
      "inputs": {
        "flake-compat": "flake-compat_6",
        "flake-parts": "flake-parts_7",
        "libnbtplusplus": "libnbtplusplus",
        "nix-filter": "nix-filter",
        "nixpkgs": "nixpkgs_4",
        "pre-commit-hooks": "pre-commit-hooks"
      },
      "locked": {
        "lastModified": 1702305606,
        "narHash": "sha256-rHmS8JobwaOpsumbXNA7p8JGv3csVR8OUoQQOYTlsQA=",
        "owner": "PrismLauncher",
        "repo": "PrismLauncher",
        "rev": "4612607803af11dd95a76dc83420f99547ecddf7",
        "type": "github"
      },
      "original": {
        "owner": "PrismLauncher",
        "repo": "PrismLauncher",
        "type": "github"
      }
    },
    "root": {
      "inputs": {
        "ags": "ags",
        "anyrun": "anyrun",
        "anyrun-nixos-options": "anyrun-nixos-options",
        "arkenfox-firefox-userjs": "arkenfox-firefox-userjs",
        "arrpc": "arrpc",
        "firefox-nightly": "firefox-nightly",
        "home-manager": "home-manager",
        "hy3": "hy3",
        "hypr-contrib": "hypr-contrib",
        "hyprland": "hyprland",
        "hyprland-plugins": "hyprland-plugins",
        "hyprpaper": "hyprpaper",
        "impurity": "impurity",
        "mpd-mpris": "mpd-mpris",
        "neovim-nightly-overlay": "neovim-nightly-overlay",
        "nh": "nh",
        "nix-colors": "nix-colors",
        "nix-nil-lsp": "nix-nil-lsp",
        "nix-nixd-lsp": "nix-nixd-lsp",
        "nixpkgs": "nixpkgs_2",
        "nixpkgs-wayland": "nixpkgs-wayland",
        "nur": "nur",
        "prismlauncher": "prismlauncher",
        "rust-overlay": "rust-overlay",
        "spicetify-nix": "spicetify-nix",
        "tokyonightNur": "tokyonightNur",
        "wrapper-manager": "wrapper-manager",
        "xdg-portal-hyprland": "xdg-portal-hyprland"
      }
    },
    "rust-overlay": {
      "inputs": {
        "flake-utils": "flake-utils_9",
        "nixpkgs": [
          "nixpkgs"
        ]
      },
      "locked": {
        "lastModified": 1702347444,
        "narHash": "sha256-ueDw7aQf4Xyk69XnDD0YNWDlFdlOgJGPeWFa7uu/cfw=",
        "owner": "oxalica",
        "repo": "rust-overlay",
        "rev": "bc13176f27cf3be724d18924b4f6aa47686ca2e3",
        "type": "github"
      },
      "original": {
        "owner": "oxalica",
        "repo": "rust-overlay",
        "type": "github"
      }
    },
    "spicetify-nix": {
      "inputs": {
        "flake-utils": "flake-utils_10",
        "nixpkgs": [
          "nixpkgs"
        ]
      },
      "locked": {
        "lastModified": 1699986787,
        "narHash": "sha256-eYlLWibKtHN/uWJQLzOMRXpoTbO6VcFTfVY4dpgdJcQ=",
        "owner": "the-argus",
        "repo": "spicetify-nix",
        "rev": "3c702af1f717b7876fac08809201b1368d0d956c",
        "type": "github"
      },
      "original": {
        "owner": "the-argus",
        "repo": "spicetify-nix",
        "type": "github"
      }
    },
    "systems": {
      "locked": {
        "lastModified": 1681028828,
        "narHash": "sha256-Vy1rq5AaRuLzOxct8nz4T6wlgyUR7zLU309k9mBC768=",
        "owner": "nix-systems",
        "repo": "default",
        "rev": "da67096a3b9bf56a91d16901293e51ba5b49a27e",
        "type": "github"
      },
      "original": {
        "owner": "nix-systems",
        "repo": "default",
        "type": "github"
      }
    },
    "systems_10": {
      "locked": {
        "lastModified": 1681028828,
        "narHash": "sha256-Vy1rq5AaRuLzOxct8nz4T6wlgyUR7zLU309k9mBC768=",
        "owner": "nix-systems",
        "repo": "default",
        "rev": "da67096a3b9bf56a91d16901293e51ba5b49a27e",
        "type": "github"
      },
      "original": {
        "owner": "nix-systems",
        "repo": "default",
        "type": "github"
      }
    },
    "systems_11": {
      "locked": {
        "lastModified": 1689347949,
        "narHash": "sha256-12tWmuL2zgBgZkdoB6qXZsgJEH9LR3oUgpaQq2RbI80=",
        "owner": "nix-systems",
        "repo": "default-linux",
        "rev": "31732fcf5e8fea42e59c2488ad31a0e651500f68",
        "type": "github"
      },
      "original": {
        "owner": "nix-systems",
        "repo": "default-linux",
        "type": "github"
      }
    },
    "systems_2": {
      "locked": {
        "lastModified": 1681028828,
        "narHash": "sha256-Vy1rq5AaRuLzOxct8nz4T6wlgyUR7zLU309k9mBC768=",
        "owner": "nix-systems",
        "repo": "default",
        "rev": "da67096a3b9bf56a91d16901293e51ba5b49a27e",
        "type": "github"
      },
      "original": {
        "owner": "nix-systems",
        "repo": "default",
        "type": "github"
      }
    },
    "systems_3": {
      "locked": {
        "lastModified": 1681028828,
        "narHash": "sha256-Vy1rq5AaRuLzOxct8nz4T6wlgyUR7zLU309k9mBC768=",
        "owner": "nix-systems",
        "repo": "default",
        "rev": "da67096a3b9bf56a91d16901293e51ba5b49a27e",
        "type": "github"
      },
      "original": {
        "owner": "nix-systems",
        "repo": "default",
        "type": "github"
      }
    },
    "systems_4": {
      "locked": {
        "lastModified": 1689347949,
        "narHash": "sha256-12tWmuL2zgBgZkdoB6qXZsgJEH9LR3oUgpaQq2RbI80=",
        "owner": "nix-systems",
        "repo": "default-linux",
        "rev": "31732fcf5e8fea42e59c2488ad31a0e651500f68",
        "type": "github"
      },
      "original": {
        "owner": "nix-systems",
        "repo": "default-linux",
        "type": "github"
      }
    },
    "systems_5": {
      "locked": {
        "lastModified": 1681028828,
        "narHash": "sha256-Vy1rq5AaRuLzOxct8nz4T6wlgyUR7zLU309k9mBC768=",
        "owner": "nix-systems",
        "repo": "default",
        "rev": "da67096a3b9bf56a91d16901293e51ba5b49a27e",
        "type": "github"
      },
      "original": {
        "owner": "nix-systems",
        "repo": "default",
        "type": "github"
      }
    },
    "systems_6": {
      "locked": {
        "lastModified": 1681028828,
        "narHash": "sha256-Vy1rq5AaRuLzOxct8nz4T6wlgyUR7zLU309k9mBC768=",
        "owner": "nix-systems",
        "repo": "default",
        "rev": "da67096a3b9bf56a91d16901293e51ba5b49a27e",
        "type": "github"
      },
      "original": {
        "owner": "nix-systems",
        "repo": "default",
        "type": "github"
      }
    },
    "systems_7": {
      "locked": {
        "lastModified": 1681028828,
        "narHash": "sha256-Vy1rq5AaRuLzOxct8nz4T6wlgyUR7zLU309k9mBC768=",
        "owner": "nix-systems",
        "repo": "default",
        "rev": "da67096a3b9bf56a91d16901293e51ba5b49a27e",
        "type": "github"
      },
      "original": {
        "owner": "nix-systems",
        "repo": "default",
        "type": "github"
      }
    },
    "systems_8": {
      "locked": {
        "lastModified": 1681028828,
        "narHash": "sha256-Vy1rq5AaRuLzOxct8nz4T6wlgyUR7zLU309k9mBC768=",
        "owner": "nix-systems",
        "repo": "default",
        "rev": "da67096a3b9bf56a91d16901293e51ba5b49a27e",
        "type": "github"
      },
      "original": {
        "owner": "nix-systems",
        "repo": "default",
        "type": "github"
      }
    },
    "systems_9": {
      "locked": {
        "lastModified": 1681028828,
        "narHash": "sha256-Vy1rq5AaRuLzOxct8nz4T6wlgyUR7zLU309k9mBC768=",
        "owner": "nix-systems",
        "repo": "default",
        "rev": "da67096a3b9bf56a91d16901293e51ba5b49a27e",
        "type": "github"
      },
      "original": {
        "owner": "nix-systems",
        "repo": "default",
        "type": "github"
      }
    },
    "tokyonightNur": {
      "inputs": {
        "nixpkgs": [
          "nixpkgs"
        ]
      },
      "locked": {
        "lastModified": 1702284148,
        "narHash": "sha256-IkuELdQRReM3iqHPdyySx+ARomVuqLeH+Pqu8Vf8yXY=",
        "owner": "AtaraxiaSjel",
        "repo": "nur",
        "rev": "4e1f79f65e815af04ea1eea4b74e7e7b20630278",
        "type": "github"
      },
      "original": {
        "owner": "AtaraxiaSjel",
        "repo": "nur",
        "type": "github"
      }
    },
    "treefmt-nix": {
      "inputs": {
        "nixpkgs": [
          "nixpkgs-wayland",
          "nix-eval-jobs",
          "nixpkgs"
        ]
      },
      "locked": {
        "lastModified": 1702212301,
        "narHash": "sha256-Rvl8BD7mnHZC1Qz6TxT120UyjsGUEdcsthHbEY+1vnU=",
        "owner": "numtide",
        "repo": "treefmt-nix",
        "rev": "afdd5e48a0869b389027307652a658051c0d2f96",
        "type": "github"
      },
      "original": {
        "owner": "numtide",
        "repo": "treefmt-nix",
        "type": "github"
      }
    },
    "wlroots": {
      "flake": false,
      "locked": {
        "host": "gitlab.freedesktop.org",
        "lastModified": 1701368958,
        "narHash": "sha256-7kvyoA91etzVEl9mkA/EJfB6z/PltxX7Xc4gcr7/xlo=",
        "owner": "wlroots",
        "repo": "wlroots",
        "rev": "5d639394f3e83b01596dcd166a44a9a1a2583350",
        "type": "gitlab"
      },
      "original": {
        "host": "gitlab.freedesktop.org",
        "owner": "wlroots",
        "repo": "wlroots",
        "rev": "5d639394f3e83b01596dcd166a44a9a1a2583350",
        "type": "gitlab"
      }
    },
    "wrapper-manager": {
      "inputs": {
        "nixpkgs": [
          "nixpkgs"
        ]
      },
      "locked": {
        "lastModified": 1699875946,
        "narHash": "sha256-rJX4wBo5taN1m1vheH4HKoGiNHMh0RqfHPK6hV8r2FE=",
        "owner": "viperML",
        "repo": "wrapper-manager",
        "rev": "c9debabc8225d96c87e7ff5e86ddc39af694fada",
        "type": "github"
      },
      "original": {
        "owner": "viperML",
        "repo": "wrapper-manager",
        "type": "github"
      }
    },
    "xdg-portal-hyprland": {
      "inputs": {
        "hyprland-protocols": "hyprland-protocols_2",
        "nixpkgs": [
          "nixpkgs"
        ],
        "systems": "systems_11"
      },
      "locked": {
        "lastModified": 1702334919,
        "narHash": "sha256-ibOZ3TLjqndGMcj2f+07NFwDWoum4IbzF58byZuJJNg=",
        "owner": "hyprwm",
        "repo": "xdg-desktop-portal-hyprland",
        "rev": "f5c3576c3b6cb1c31a8dfa3e4113f59bfe40cd71",
        "type": "github"
      },
      "original": {
        "owner": "hyprwm",
        "repo": "xdg-desktop-portal-hyprland",
        "type": "github"
      }
    },
    "xdph": {
      "inputs": {
        "hyprland-protocols": [
          "hyprland",
          "hyprland-protocols"
        ],
        "nixpkgs": [
          "hyprland",
          "nixpkgs"
        ],
        "systems": [
          "hyprland",
          "systems"
        ]
      },
      "locked": {
        "lastModified": 1700508250,
        "narHash": "sha256-X4o/mifI7Nhu0UKYlxx53wIC+gYDo3pVM9L2u3PE2bE=",
        "owner": "hyprwm",
        "repo": "xdg-desktop-portal-hyprland",
        "rev": "eb120ff25265ecacd0fc13d7dab12131b60d0f47",
        "type": "github"
      },
      "original": {
        "owner": "hyprwm",
        "repo": "xdg-desktop-portal-hyprland",
        "type": "github"
      }
    }
  },
  "root": "root",
  "version": 7
}
